Microsoft Visual Studio Solution File, Format Version 12.00
# Visual Studio Version 16
VisualStudioVersion = 16.0.31005.135
MinimumVisualStudioVersion = 10.0.40219.1
Project("{FAE04EC0-301F-11D3-BF4B-00C04F79EFBC}") = "VSideLoader", "VSideLoader\VSideLoader.csproj", "{7EBEFBE6-DDC2-45C6-935B-3AE0EE6A3EE0}"
EndProject
Global
	GlobalSection(SolutionConfigurationPlatforms) = preSolution
		Debug|Any CPU = Debug|Any CPU
		Release|Any CPU = Release|Any CPU
	EndGlobalSection
	GlobalSection(ProjectConfigurationPlatforms) = postSolution
		{7EBEFBE6-DDC2-45C6-935B-3AE0EE6A3EE0}.Debug|Any CPU.ActiveCfg = Debug|Any CPU
		{7EBEFBE6-DDC2-45C6-935B-3AE0EE6A3EE0}.Debug|Any CPU.Build.0 = Debug|Any CPU
		{7EBEFBE6-DDC2-45C6-935B-3AE0EE6A3EE0}.Release|Any CPU.ActiveCfg = Release|Any CPU
		{7EBEFBE6-DDC2-45C6-935B-3AE0EE6A3EE0}.Release|Any CPU.Build.0 = Release|Any CPU
	EndGlobalSection
	GlobalSection(SolutionProperties) = preSolution
		HideSolutionNode = FALSE
	EndGlobalSection
	GlobalSection(ExtensibilityGlobals) = postSolution
		SolutionGuid = {D904023A-AA2A-4F32-95EF-9B615EFA0B90}
	EndGlobalSection
EndGlobal
